
Microsoft Visual Studio Solution File, Format Version 12.00
# Visual Studio Version 16
VisualStudioVersion = 16.0.31402.337
MinimumVisualStudioVersion = 10.0.40219.1
Project("{FAE04EC0-301F-11D3-BF4B-00C04F79EFBC}") = "StockContext", "src\StockContext\StockContext.csproj", "{0F56B382-9946-4DDB-A8B4-79C7BA88776F}"
EndProject
Project("{FAE04EC0-301F-11D3-BF4B-00C04F79EFBC}") = "PhysicalStoreContext", "src\PhysicalStoreContext\PhysicalStoreContext.csproj", "{0CCC423C-29E8-46FB-B82C-288F6B50CAE8}"
EndProject
Project("{FAE04EC0-301F-11D3-BF4B-00C04F79EFBC}") = "OnlineStoreContext", "src\OnlineStoreContext\OnlineStoreContext.csproj", "{CA1322BA-77A1-4886-AB8C-02F0FF629AE5}"
EndProject
Global
	GlobalSection(SolutionConfigurationPlatforms) = preSolution
		Debug|Any CPU = Debug|Any CPU
		Release|Any CPU = Release|Any CPU
	EndGlobalSection
	GlobalSection(ProjectConfigurationPlatforms) = postSolution
		{0F56B382-9946-4DDB-A8B4-79C7BA88776F}.Debug|Any CPU.ActiveCfg = Debug|Any CPU
		{0F56B382-9946-4DDB-A8B4-79C7BA88776F}.Debug|Any CPU.Build.0 = Debug|Any CPU
		{0F56B382-9946-4DDB-A8B4-79C7BA88776F}.Release|Any CPU.ActiveCfg = Release|Any CPU
		{0F56B382-9946-4DDB-A8B4-79C7BA88776F}.Release|Any CPU.Build.0 = Release|Any CPU
		{0CCC423C-29E8-46FB-B82C-288F6B50CAE8}.Debug|Any CPU.ActiveCfg = Debug|Any CPU
		{0CCC423C-29E8-46FB-B82C-288F6B50CAE8}.Debug|Any CPU.Build.0 = Debug|Any CPU
		{0CCC423C-29E8-46FB-B82C-288F6B50CAE8}.Release|Any CPU.ActiveCfg = Release|Any CPU
		{0CCC423C-29E8-46FB-B82C-288F6B50CAE8}.Release|Any CPU.Build.0 = Release|Any CPU
		{CA1322BA-77A1-4886-AB8C-02F0FF629AE5}.Debug|Any CPU.ActiveCfg = Debug|Any CPU
		{CA1322BA-77A1-4886-AB8C-02F0FF629AE5}.Debug|Any CPU.Build.0 = Debug|Any CPU
		{CA1322BA-77A1-4886-AB8C-02F0FF629AE5}.Release|Any CPU.ActiveCfg = Release|Any CPU
		{CA1322BA-77A1-4886-AB8C-02F0FF629AE5}.Release|Any CPU.Build.0 = Release|Any CPU
	EndGlobalSection
	GlobalSection(SolutionProperties) = preSolution
		HideSolutionNode = FALSE
	EndGlobalSection
	GlobalSection(ExtensibilityGlobals) = postSolution
		SolutionGuid = {67B6B5D2-FBCA-4E7B-B4AA-34A9F1382909}
	EndGlobalSection
EndGlobal
